// !$*UTF8*$!
{
	archiveVersion = 1;
	classes = {
	};
	objectVersion = 46;
	objects = {

/* Begin PBXBuildFile section */
		4F79C51B1E64D1EF00D31FDD /* main.m in Sources */ = {isa = PBXBuildFile; fileRef = 4F79C51A1E64D1EF00D31FDD /* main.m */; };
		4F79C51E1E64D1EF00D31FDD /* AppDelegate.m in Sources */ = {isa = PBXBuildFile; fileRef = 4F79C51D1E64D1EF00D31FDD /* AppDelegate.m */; };
		4F79C5211E64D1EF00D31FDD /* FirstViewController.m in Sources */ = {isa = PBXBuildFile; fileRef = 4F79C5201E64D1EF00D31FDD /* FirstViewController.m */; };
		4F79C5241E64D1EF00D31FDD /* SecondViewController.m in Sources */ = {isa = PBXBuildFile; fileRef = 4F79C5231E64D1EF00D31FDD /* SecondViewController.m */; };
		4F79C5271E64D1EF00D31FDD /* Main.storyboard in Resources */ = {isa = PBXBuildFile; fileRef = 4F79C5251E64D1EF00D31FDD /* Main.storyboard */; };
		4F79C5291E64D1EF00D31FDD /* Assets.xcassets in Resources */ = {isa = PBXBuildFile; fileRef = 4F79C5281E64D1EF00D31FDD /* Assets.xcassets */; };
		4F79C52C1E64D1EF00D31FDD /* LaunchScreen.storyboard in Resources */ = {isa = PBXBuildFile; fileRef = 4F79C52A1E64D1EF00D31FDD /* LaunchScreen.storyboard */; };
		4F79C5351E64E61300D31FDD /* SearchRequest.m in Sources */ = {isa = PBXBuildFile; fileRef = 4F79C5341E64E61300D31FDD /* SearchRequest.m */; };
		4F79C5381E64F7AA00D31FDD /* SearchResult.m in Sources */ = {isa = PBXBuildFile; fileRef = 4F79C5371E64F7AA00D31FDD /* SearchResult.m */; };
		4F79C53C1E65121000D31FDD /* imageComingSoon.png in Resources */ = {isa = PBXBuildFile; fileRef = 4F79C53B1E65121000D31FDD /* imageComingSoon.png */; };
		4F79C5401E651FB900D31FDD /* PlaceViewController.m in Sources */ = {isa = PBXBuildFile; fileRef = 4F79C53F1E651FB900D31FDD /* PlaceViewController.m */; };
		4F79C5461E65669100D31FDD /* mark.png in Resources */ = {isa = PBXBuildFile; fileRef = 4F79C5451E65669100D31FDD /* mark.png */; };
		A21A96E48DDE061617E13A40 /* libPods-GotItCoOp.a in Frameworks */ = {isa = PBXBuildFile; fileRef = 245DB9A0D5662A027BBF8236 /* libPods-GotItCoOp.a */; };
/* End PBXBuildFile section */

/* Begin PBXFileReference section */
		245DB9A0D5662A027BBF8236 /* libPods-GotItCoOp.a */ = {isa = PBXFileReference; explicitFileType = archive.ar; includeInIndex = 0; path = "libPods-GotItCoOp.a"; sourceTree = BUILT_PRODUCTS_DIR; };
		325ADFA2E123F08099684D6B /* Pods-GotItCoOp.debug.xcconfig */ = {isa = PBXFileReference; includeInIndex = 1; lastKnownFileType = text.xcconfig; name = "Pods-GotItCoOp.debug.xcconfig"; path = "Pods/Target Support Files/Pods-GotItCoOp/Pods-GotItCoOp.debug.xcconfig"; sourceTree = "<group>"; };
		4F79C5161E64D1EF00D31FDD /* GotItCoOp.app */ = {isa = PBXFileReference; explicitFileType = wrapper.application; includeInIndex = 0; path = GotItCoOp.app; sourceTree = BUILT_PRODUCTS_DIR; };
		4F79C51A1E64D1EF00D31FDD /* main.m */ = {isa = PBXFileReference; lastKnownFileType = sourcecode.c.objc; path = main.m; sourceTree = "<group>"; };
		4F79C51C1E64D1EF00D31FDD /* AppDelegate.h */ = {isa = PBXFileReference; lastKnownFileType = sourcecode.c.h; path = AppDelegate.h; sourceTree = "<group>"; };
		4F79C51D1E64D1EF00D31FDD /* AppDelegate.m */ = {isa = PBXFileReference; lastKnownFileType = sourcecode.c.objc; path = AppDelegate.m; sourceTree = "<group>"; };
		4F79C51F1E64D1EF00D31FDD /* FirstViewController.h */ = {isa = PBXFileReference; lastKnownFileType = sourcecode.c.h; path = FirstViewController.h; sourceTree = "<group>"; };
		4F79C5201E64D1EF00D31FDD /* FirstViewController.m */ = {isa = PBXFileReference; lastKnownFileType = sourcecode.c.objc; path = FirstViewController.m; sourceTree = "<group>"; };
		4F79C5221E64D1EF00D31FDD /* SecondViewController.h */ = {isa = PBXFileReference; lastKnownFileType = sourcecode.c.h; path = SecondViewController.h; sourceTree = "<group>"; };
		4F79C5231E64D1EF00D31FDD /* SecondViewController.m */ = {isa = PBXFileReference; lastKnownFileType = sourcecode.c.objc; path = SecondViewController.m; sourceTree = "<group>"; };
		4F79C5261E64D1EF00D31FDD /* Base */ = {isa = PBXFileReference; lastKnownFileType = file.storyboard; name = Base; path = Base.lproj/Main.storyboard; sourceTree = "<group>"; };
		4F79C5281E64D1EF00D31FDD /* Assets.xcassets */ = {isa = PBXFileReference; lastKnownFileType = folder.assetcatalog; path = Assets.xcassets; sourceTree = "<group>"; };
		4F79C52B1E64D1EF00D31FDD /* Base */ = {isa = PBXFileReference; lastKnownFileType = file.storyboard; name = Base; path = Base.lproj/LaunchScreen.storyboard; sourceTree = "<group>"; };
		4F79C52D1E64D1EF00D31FDD /* Info.plist */ = {isa = PBXFileReference; lastKnownFileType = text.plist.xml; path = Info.plist; sourceTree = "<group>"; };
		4F79C5331E64E61300D31FDD /* SearchRequest.h */ = {isa = PBXFileReference; fileEncoding = 4; lastKnownFileType = sourcecode.c.h; path = SearchRequest.h; sourceTree = "<group>"; };
		4F79C5341E64E61300D31FDD /* SearchRequest.m */ = {isa = PBXFileReference; fileEncoding = 4; lastKnownFileType = sourcecode.c.objc; path = SearchRequest.m; sourceTree = "<group>"; };
		4F79C5361E64F7AA00D31FDD /* SearchResult.h */ = {isa = PBXFileReference; fileEncoding = 4; lastKnownFileType = sourcecode.c.h; path = SearchResult.h; sourceTree = "<group>"; };
		4F79C5371E64F7AA00D31FDD /* SearchResult.m */ = {isa = PBXFileReference; fileEncoding = 4; lastKnownFileType = sourcecode.c.objc; path = SearchResult.m; sourceTree = "<group>"; };
		4F79C53B1E65121000D31FDD /* imageComingSoon.png */ = {isa = PBXFileReference; lastKnownFileType = image.png; name = imageComingSoon.png; path = ../../Desktop/imageComingSoon.png; sourceTree = "<group>"; };
		4F79C53E1E651FB900D31FDD /* PlaceViewController.h */ = {isa = PBXFileReference; fileEncoding = 4; lastKnownFileType = sourcecode.c.h; path = PlaceViewController.h; sourceTree = "<group>"; };
		4F79C53F1E651FB900D31FDD /* PlaceViewController.m */ = {isa = PBXFileReference; fileEncoding = 4; lastKnownFileType = sourcecode.c.objc; path = PlaceViewController.m; sourceTree = "<group>"; };
		4F79C5451E65669100D31FDD /* mark.png */ = {isa = PBXFileReference; lastKnownFileType = image.png; name = mark.png; path = ../../Downloads/mark.png; sourceTree = "<group>"; };
		AA1534BEA38B680E0405F0C9 /* Pods-GotItCoOp.release.xcconfig */ = {isa = PBXFileReference; includeInIndex = 1; lastKnownFileType = text.xcconfig; name = "Pods-GotItCoOp.release.xcconfig"; path = "Pods/Target Support Files/Pods-GotItCoOp/Pods-GotItCoOp.release.xcconfig"; sourceTree = "<group>"; };
/* End PBXFileReference section */

/* Begin PBXFrameworksBuildPhase section */
		4F79C5131E64D1EF00D31FDD /* Frameworks */ = {
			isa = PBXFrameworksBuildPhase;
			buildActionMask = 2147483647;
			files = (
				A21A96E48DDE061617E13A40 /* libPods-GotItCoOp.a in Frameworks */,
			);
			runOnlyForDeploymentPostprocessing = 0;
		};
/* End PBXFrameworksBuildPhase section */

/* Begin PBXGroup section */
		4F79C50D1E64D1EF00D31FDD = {
			isa = PBXGroup;
			children = (
				4F79C5451E65669100D31FDD /* mark.png */,
				4F79C53B1E65121000D31FDD /* imageComingSoon.png */,
				4F79C5181E64D1EF00D31FDD /* GotItCoOp */,
				4F79C5171E64D1EF00D31FDD /* Products */,
				E5E651D3D58FADA8498D9C54 /* Pods */,
				B59EE6B5EB1D51795B426B52 /* Frameworks */,
			);
			sourceTree = "<group>";
		};
		4F79C5171E64D1EF00D31FDD /* Products */ = {
			isa = PBXGroup;
			children = (
				4F79C5161E64D1EF00D31FDD /* GotItCoOp.app */,
			);
			name = Products;
			sourceTree = "<group>";
		};
		4F79C5181E64D1EF00D31FDD /* GotItCoOp */ = {
			isa = PBXGroup;
			children = (
				4F79C51C1E64D1EF00D31FDD /* AppDelegate.h */,
				4F79C51D1E64D1EF00D31FDD /* AppDelegate.m */,
				4F79C51F1E64D1EF00D31FDD /* FirstViewController.h */,
				4F79C5201E64D1EF00D31FDD /* FirstViewController.m */,
				4F79C5221E64D1EF00D31FDD /* SecondViewController.h */,
				4F79C5231E64D1EF00D31FDD /* SecondViewController.m */,
				4F79C5251E64D1EF00D31FDD /* Main.storyboard */,
				4F79C5281E64D1EF00D31FDD /* Assets.xcassets */,
				4F79C52A1E64D1EF00D31FDD /* LaunchScreen.storyboard */,
				4F79C52D1E64D1EF00D31FDD /* Info.plist */,
				4F79C5191E64D1EF00D31FDD /* Supporting Files */,
				4F79C5331E64E61300D31FDD /* SearchRequest.h */,
				4F79C5341E64E61300D31FDD /* SearchRequest.m */,
				4F79C53E1E651FB900D31FDD /* PlaceViewController.h */,
				4F79C53F1E651FB900D31FDD /* PlaceViewController.m */,
			);
			path = GotItCoOp;
			sourceTree = "<group>";
		};
		4F79C5191E64D1EF00D31FDD /* Supporting Files */ = {
			isa = PBXGroup;
			children = (
				4F79C51A1E64D1EF00D31FDD /* main.m */,
				4F79C5361E64F7AA00D31FDD /* SearchResult.h */,
				4F79C5371E64F7AA00D31FDD /* SearchResult.m */,
			);
			name = "Supporting Files";
			sourceTree = "<group>";
		};
		B59EE6B5EB1D51795B426B52 /* Frameworks */ = {
			isa = PBXGroup;
			children = (
				245DB9A0D5662A027BBF8236 /* libPods-GotItCoOp.a */,
			);
			name = Frameworks;
			sourceTree = "<group>";
		};
		E5E651D3D58FADA8498D9C54 /* Pods */ = {
			isa = PBXGroup;
			children = (
				325ADFA2E123F08099684D6B /* Pods-GotItCoOp.debug.xcconfig */,
				AA1534BEA38B680E0405F0C9 /* Pods-GotItCoOp.release.xcconfig */,
			);
			name = Pods;
			sourceTree = "<group>";
		};
/* End PBXGroup section */

/* Begin PBXNativeTarget section */
		4F79C5151E64D1EF00D31FDD /* GotItCoOp */ = {
			isa = PBXNativeTarget;
			buildConfigurationList = 4F79C5301E64D1EF00D31FDD /* Build configuration list for PBXNativeTarget "GotItCoOp" */;
			buildPhases = (
				6F7C4E9577FE942E1ADD1672 /* [CP] Check Pods Manifest.lock */,
				4F79C5121E64D1EF00D31FDD /* Sources */,
				4F79C5131E64D1EF00D31FDD /* Frameworks */,
				4F79C5141E64D1EF00D31FDD /* Resources */,
				D73AAC4CFE37F126919BDCE2 /* [CP] Embed Pods Frameworks */,
				6B7A79C9656417AA626C0071 /* [CP] Copy Pods Resources */,
			);
			buildRules = (
			);
			dependencies = (
			);
			name = GotItCoOp;
			productName = GotItCoOp;
			productReference = 4F79C5161E64D1EF00D31FDD /* GotItCoOp.app */;
			productType = "com.apple.product-type.application";
		};
/* End PBXNativeTarget section */

/* Begin PBXProject section */
		4F79C50E1E64D1EF00D31FDD /* Project object */ = {
			isa = PBXProject;
			attributes = {
				LastUpgradeCheck = 0810;
				ORGANIZATIONNAME = Catherine;
				TargetAttributes = {
					4F79C5151E64D1EF00D31FDD = {
						CreatedOnToolsVersion = 8.1;
						DevelopmentTeam = 2269Y262Z6;
						ProvisioningStyle = Automatic;
					};
				};
			};
			buildConfigurationList = 4F79C5111E64D1EF00D31FDD /* Build configuration list for PBXProject "GotItCoOp" */;
			compatibilityVersion = "Xcode 3.2";
			developmentRegion = English;
			hasScannedForEncodings = 0;
			knownRegions = (
				en,
				Base,
			);
			mainGroup = 4F79C50D1E64D1EF00D31FDD;
			productRefGroup = 4F79C5171E64D1EF00D31FDD /* Products */;
			projectDirPath = "";
			projectRoot = "";
			targets = (
				4F79C5151E64D1EF00D31FDD /* GotItCoOp */,
			);
		};
/* End PBXProject section */

/* Begin PBXResourcesBuildPhase section */
		4F79C5141E64D1EF00D31FDD /* Resources */ = {
			isa = PBXResourcesBuildPhase;
			buildActionMask = 2147483647;
			files = (
				4F79C52C1E64D1EF00D31FDD /* LaunchScreen.storyboard in Resources */,
				4F79C5461E65669100D31FDD /* mark.png in Resources */,
				4F79C53C1E65121000D31FDD /* imageComingSoon.png in Resources */,
				4F79C5291E64D1EF00D31FDD /* Assets.xcassets in Resources */,
				4F79C5271E64D1EF00D31FDD /* Main.storyboard in Resources */,
			);
			runOnlyForDeploymentPostprocessing = 0;
		};
/* End PBXResourcesBuildPhase section */

/* Begin PBXShellScriptBuildPhase section */
		6B7A79C9656417AA626C0071 /* [CP] Copy Pods Resources */ = {
			isa = PBXShellScriptBuildPhase;
			buildActionMask = 2147483647;
			files = (
			);
			inputPaths = (
			);
			name = "[CP] Copy Pods Resources";
			outputPaths = (
			);
			runOnlyForDeploymentPostprocessing = 0;
			shellPath = /bin/sh;
			shellScript = "\"${SRCROOT}/Pods/Target Support Files/Pods-GotItCoOp/Pods-GotItCoOp-resources.sh\"\n";
			showEnvVarsInLog = 0;
		};
		6F7C4E9577FE942E1ADD1672 /* [CP] Check Pods Manifest.lock */ = {
			isa = PBXShellScriptBuildPhase;
			buildActionMask = 2147483647;
			files = (
			);
			inputPaths = (
			);
			name = "[CP] Check Pods Manifest.lock";
			outputPaths = (
			);
			runOnlyForDeploymentPostprocessing = 0;
			shellPath = /bin/sh;
			shellScript = "diff \"${PODS_ROOT}/../Podfile.lock\" \"${PODS_ROOT}/Manifest.lock\" > /dev/null\nif [ $? != 0 ] ; then\n    # print error to STDERR\n    echo \"error: The sandbox is not in sync with the Podfile.lock. Run 'pod install' or update your CocoaPods installation.\" >&2\n    exit 1\nfi\n";
			showEnvVarsInLog = 0;
		};
		D73AAC4CFE37F126919BDCE2 /* [CP] Embed Pods Frameworks */ = {
			isa = PBXShellScriptBuildPhase;
			buildActionMask = 2147483647;
			files = (
			);
			inputPaths = (
			);
			name = "[CP] Embed Pods Frameworks";
			outputPaths = (
			);
			runOnlyForDeploymentPostprocessing = 0;
			shellPath = /bin/sh;
			shellScript = "\"${SRCROOT}/Pods/Target Support Files/Pods-GotItCoOp/Pods-GotItCoOp-frameworks.sh\"\n";
			showEnvVarsInLog = 0;
		};
/* End PBXShellScriptBuildPhase section */

/* Begin PBXSourcesBuildPhase section */
		4F79C5121E64D1EF00D31FDD /* Sources */ = {
			isa = PBXSourcesBuildPhase;
			buildActionMask = 2147483647;
			files = (
				4F79C5381E64F7AA00D31FDD /* SearchResult.m in Sources */,
				4F79C5241E64D1EF00D31FDD /* SecondViewController.m in Sources */,
				4F79C51E1E64D1EF00D31FDD /* AppDelegate.m in Sources */,
				4F79C5401E651FB900D31FDD /* PlaceViewController.m in Sources */,
				4F79C5351E64E61300D31FDD /* SearchRequest.m in Sources */,
				4F79C5211E64D1EF00D31FDD /* FirstViewController.m in Sources */,
				4F79C51B1E64D1EF00D31FDD /* main.m in Sources */,
			);
			runOnlyForDeploymentPostprocessing = 0;
		};
/* End PBXSourcesBuildPhase section */

/* Begin PBXVariantGroup section */
		4F79C5251E64D1EF00D31FDD /* Main.storyboard */ = {
			isa = PBXVariantGroup;
			children = (
				4F79C5261E64D1EF00D31FDD /* Base */,
			);
			name = Main.storyboard;
			sourceTree = "<group>";
		};
		4F79C52A1E64D1EF00D31FDD /* LaunchScreen.storyboard */ = {
			isa = PBXVariantGroup;
			children = (
				4F79C52B1E64D1EF00D31FDD /* Base */,
			);
			name = LaunchScreen.storyboard;
			sourceTree = "<group>";
		};
/* End PBXVariantGroup section */

/* Begin XCBuildConfiguration section */
		4F79C52E1E64D1EF00D31FDD /* Debug */ = {
			isa = XCBuildConfiguration;
			buildSettings = {
				ALWAYS_SEARCH_USER_PATHS = NO;
				CLANG_ANALYZER_NONNULL = YES;
				CLANG_CXX_LANGUAGE_STANDARD = "gnu++0x";
				CLANG_CXX_LIBRARY = "libc++";
				CLANG_ENABLE_MODULES = YES;
				CLANG_ENABLE_OBJC_ARC = YES;
				CLANG_WARN_BOOL_CONVERSION = YES;
				CLANG_WARN_CONSTANT_CONVERSION = YES;
				CLANG_WARN_DIRECT_OBJC_ISA_USAGE = YES_ERROR;
				CLANG_WARN_DOCUMENTATION_COMMENTS = YES;
				CLANG_WARN_EMPTY_BODY = YES;
				CLANG_WARN_ENUM_CONVERSION = YES;
				CLANG_WARN_INFINITE_RECURSION = YES;
				CLANG_WARN_INT_CONVERSION = YES;
				CLANG_WARN_OBJC_ROOT_CLASS = YES_ERROR;
				CLANG_WARN_SUSPICIOUS_MOVES = YES;
				CLANG_WARN_UNREACHABLE_CODE = YES;
				CLANG_WARN__DUPLICATE_METHOD_MATCH = YES;
				"CODE_SIGN_IDENTITY[sdk=iphoneos*]" = "iPhone Developer";
				COPY_PHASE_STRIP = NO;
				DEBUG_INFORMATION_FORMAT = dwarf;
				ENABLE_STRICT_OBJC_MSGSEND = YES;
				ENABLE_TESTABILITY = YES;
				GCC_C_LANGUAGE_STANDARD = gnu99;
				GCC_DYNAMIC_NO_PIC = NO;
				GCC_NO_COMMON_BLOCKS = YES;
				GCC_OPTIMIZATION_LEVEL = 0;
				GCC_PREPROCESSOR_DEFINITIONS = (
					"DEBUG=1",
					"$(inherited)",
				);
				GCC_WARN_64_TO_32_BIT_CONVERSION = YES;
				GCC_WARN_ABOUT_RETURN_TYPE = YES_ERROR;
				GCC_WARN_UNDECLARED_SELECTOR = YES;
				GCC_WARN_UNINITIALIZED_AUTOS = YES_AGGRESSIVE;
				GCC_WARN_UNUSED_FUNCTION = YES;
				GCC_WARN_UNUSED_VARIABLE = YES;
				IPHONEOS_DEPLOYMENT_TARGET = 10.1;
				MTL_ENABLE_DEBUG_INFO = YES;
				ONLY_ACTIVE_ARCH = YES;
				SDKROOT = iphoneos;
				TARGETED_DEVICE_FAMILY = "1,2";
			};
			name = Debug;
		};
		4F79C52F1E64D1EF00D31FDD /* Release */ = {
			isa = XCBuildConfiguration;
			buildSettings = {
				ALWAYS_SEARCH_USER_PATHS = NO;
				CLANG_ANALYZER_NONNULL = YES;
				CLANG_CXX_LANGUAGE_STANDARD = "gnu++0x";
				CLANG_CXX_LIBRARY = "libc++";
				CLANG_ENABLE_MODULES = YES;
				CLANG_ENABLE_OBJC_ARC = YES;
				CLANG_WARN_BOOL_CONVERSION = YES;
				CLANG_WARN_CONSTANT_CONVERSION = YES;
				CLANG_WARN_DIRECT_OBJC_ISA_USAGE = YES_ERROR;
				CLANG_WARN_DOCUMENTATION_COMMENTS = YES;
				CLANG_WARN_EMPTY_BODY = YES;
				CLANG_WARN_ENUM_CONVERSION = YES;
				CLANG_WARN_INFINITE_RECURSION = YES;
				CLANG_WARN_INT_CONVERSION = YES;
				CLANG_WARN_OBJC_ROOT_CLASS = YES_ERROR;
				CLANG_WARN_SUSPICIOUS_MOVES = YES;
				CLANG_WARN_UNREACHABLE_CODE = YES;
				CLANG_WARN__DUPLICATE_METHOD_MATCH = YES;
				"CODE_SIGN_IDENTITY[sdk=iphoneos*]" = "iPhone Developer";
				COPY_PHASE_STRIP = NO;
				DEBUG_INFORMATION_FORMAT = "dwarf-with-dsym";
				ENABLE_NS_ASSERTIONS = NO;
				ENABLE_STRICT_OBJC_MSGSEND = YES;
				GCC_C_LANGUAGE_STANDARD = gnu99;
				GCC_NO_COMMON_BLOCKS = YES;
				GCC_WARN_64_TO_32_BIT_CONVERSION = YES;
				GCC_WARN_ABOUT_RETURN_TYPE = YES_ERROR;
				GCC_WARN_UNDECLARED_SELECTOR = YES;
				GCC_WARN_UNINITIALIZED_AUTOS = YES_AGGRESSIVE;
				GCC_WARN_UNUSED_FUNCTION = YES;
				GCC_WARN_UNUSED_VARIABLE = YES;
				IPHONEOS_DEPLOYMENT_TARGET = 10.1;
				MTL_ENABLE_DEBUG_INFO = NO;
				SDKROOT = iphoneos;
				TARGETED_DEVICE_FAMILY = "1,2";
				VALIDATE_PRODUCT = YES;
			};
			name = Release;
		};
		4F79C5311E64D1EF00D31FDD /* Debug */ = {
			isa = XCBuildConfiguration;
			baseConfigurationReference = 325ADFA2E123F08099684D6B /* Pods-GotItCoOp.debug.xcconfig */;
			buildSettings = {
				ASSETCATALOG_COMPILER_APPICON_NAME = AppIcon;
				DEVELOPMENT_TEAM = 2269Y262Z6;
				INFOPLIST_FILE = GotItCoOp/Info.plist;
				LD_RUNPATH_SEARCH_PATHS = "$(inherited) @executable_path/Frameworks";
				PRODUCT_BUNDLE_IDENTIFIER = Catherine.GotItCoOp;
				PRODUCT_NAME = "$(TARGET_NAME)";
			};
			name = Debug;
		};
		4F79C5321E64D1EF00D31FDD /* Release */ = {
			isa = XCBuildConfiguration;
			baseConfigurationReference = AA1534BEA38B680E0405F0C9 /* Pods-GotItCoOp.release.xcconfig */;
			buildSettings = {
				ASSETCATALOG_COMPILER_APPICON_NAME = AppIcon;
				DEVELOPMENT_TEAM = 2269Y262Z6;
				INFOPLIST_FILE = GotItCoOp/Info.plist;
				LD_RUNPATH_SEARCH_PATHS = "$(inherited) @executable_path/Frameworks";
				PRODUCT_BUNDLE_IDENTIFIER = Catherine.GotItCoOp;
				PRODUCT_NAME = "$(TARGET_NAME)";
			};
			name = Release;
		};
/* End XCBuildConfiguration section */

/* Begin XCConfigurationList section */
		4F79C5111E64D1EF00D31FDD /* Build configuration list for PBXProject "GotItCoOp" */ = {
			isa = XCConfigurationList;
			buildConfigurations = (
				4F79C52E1E64D1EF00D31FDD /* Debug */,
				4F79C52F1E64D1EF00D31FDD /* Release */,
			);
			defaultConfigurationIsVisible = 0;
			defaultConfigurationName = Release;
		};
		4F79C5301E64D1EF00D31FDD /* Build configuration list for PBXNativeTarget "GotItCoOp" */ = {
			isa = XCConfigurationList;
			buildConfigurations = (
				4F79C5311E64D1EF00D31FDD /* Debug */,
				4F79C5321E64D1EF00D31FDD /* Release */,
			);
			defaultConfigurationIsVisible = 0;
			defaultConfigurationName = Release;
		};
/* End XCConfigurationList section */
	};
	rootObject = 4F79C50E1E64D1EF00D31FDD /* Project object */;
}
